
Microsoft Visual Studio Solution File, Format Version 12.00
# Visual Studio 15
VisualStudioVersion = 15.0.28307.106
MinimumVisualStudioVersion = 10.0.40219.1
Project("{FAE04EC0-301F-11D3-BF4B-00C04F79EFBC}") = "Walmaria.Android", "Walmaria\Walmaria.Android\Walmaria.Android.csproj", "{13142793-D41A-4AFD-9B2D-28871234F920}"
EndProject
Project("{FAE04EC0-301F-11D3-BF4B-00C04F79EFBC}") = "Walmaria.iOS", "Walmaria\Walmaria.iOS\Walmaria.iOS.csproj", "{3FE46BD8-EAF4-4E13-BF4A-D4FB6508FD49}"
EndProject
Project("{FAE04EC0-301F-11D3-BF4B-00C04F79EFBC}") = "Walmaria", "Walmaria\Walmaria\Walmaria.csproj", "{E48DE341-CCB4-42C2-B440-567D4777445D}"
EndProject
Global
	GlobalSection(SolutionConfigurationPlatforms) = preSolution
		Ad-Hoc|Any CPU = Ad-Hoc|Any CPU
		Ad-Hoc|iPhone = Ad-Hoc|iPhone
		Ad-Hoc|iPhoneSimulator = Ad-Hoc|iPhoneSimulator
		AppStore|Any CPU = AppStore|Any CPU
		AppStore|iPhone = AppStore|iPhone
		AppStore|iPhoneSimulator = AppStore|iPhoneSimulator
		Debug|Any CPU = Debug|Any CPU
		Debug|iPhone = Debug|iPhone
		Debug|iPhoneSimulator = Debug|iPhoneSimulator
		Release|Any CPU = Release|Any CPU
		Release|iPhone = Release|iPhone
		Release|iPhoneSimulator = Release|iPhoneSimulator
	EndGlobalSection
	GlobalSection(ProjectConfigurationPlatforms) = postSolution
		{13142793-D41A-4AFD-9B2D-28871234F920}.Ad-Hoc|Any CPU.ActiveCfg = Release|Any CPU
		{13142793-D41A-4AFD-9B2D-28871234F920}.Ad-Hoc|Any CPU.Build.0 = Release|Any CPU
		{13142793-D41A-4AFD-9B2D-28871234F920}.Ad-Hoc|Any CPU.Deploy.0 = Release|Any CPU
		{13142793-D41A-4AFD-9B2D-28871234F920}.Ad-Hoc|iPhone.ActiveCfg = Release|Any CPU
		{13142793-D41A-4AFD-9B2D-28871234F920}.Ad-Hoc|iPhone.Build.0 = Release|Any CPU
		{13142793-D41A-4AFD-9B2D-28871234F920}.Ad-Hoc|iPhone.Deploy.0 = Release|Any CPU
		{13142793-D41A-4AFD-9B2D-28871234F920}.Ad-Hoc|iPhoneSimulator.ActiveCfg = Release|Any CPU
		{13142793-D41A-4AFD-9B2D-28871234F920}.Ad-Hoc|iPhoneSimulator.Build.0 = Release|Any CPU
		{13142793-D41A-4AFD-9B2D-28871234F920}.Ad-Hoc|iPhoneSimulator.Deploy.0 = Release|Any CPU
		{13142793-D41A-4AFD-9B2D-28871234F920}.AppStore|Any CPU.ActiveCfg = Release|Any CPU
		{13142793-D41A-4AFD-9B2D-28871234F920}.AppStore|Any CPU.Build.0 = Release|Any CPU
		{13142793-D41A-4AFD-9B2D-28871234F920}.AppStore|Any CPU.Deploy.0 = Release|Any CPU
		{13142793-D41A-4AFD-9B2D-28871234F920}.AppStore|iPhone.ActiveCfg = Release|Any CPU
		{13142793-D41A-4AFD-9B2D-28871234F920}.AppStore|iPhone.Build.0 = Release|Any CPU
		{13142793-D41A-4AFD-9B2D-28871234F920}.AppStore|iPhone.Deploy.0 = Release|Any CPU
		{13142793-D41A-4AFD-9B2D-28871234F920}.AppStore|iPhoneSimulator.ActiveCfg = Release|Any CPU
		{13142793-D41A-4AFD-9B2D-28871234F920}.AppStore|iPhoneSimulator.Build.0 = Release|Any CPU
		{13142793-D41A-4AFD-9B2D-28871234F920}.AppStore|iPhoneSimulator.Deploy.0 = Release|Any CPU
		{13142793-D41A-4AFD-9B2D-28871234F920}.Debug|Any CPU.ActiveCfg = Debug|Any CPU
		{13142793-D41A-4AFD-9B2D-28871234F920}.Debug|Any CPU.Build.0 = Debug|Any CPU
		{13142793-D41A-4AFD-9B2D-28871234F920}.Debug|Any CPU.Deploy.0 = Debug|Any CPU
		{13142793-D41A-4AFD-9B2D-28871234F920}.Debug|iPhone.ActiveCfg = Debug|Any CPU
		{13142793-D41A-4AFD-9B2D-28871234F920}.Debug|iPhone.Build.0 = Debug|Any CPU
		{13142793-D41A-4AFD-9B2D-28871234F920}.Debug|iPhone.Deploy.0 = Debug|Any CPU
		{13142793-D41A-4AFD-9B2D-28871234F920}.Debug|iPhoneSimulator.ActiveCfg = Debug|Any CPU
		{13142793-D41A-4AFD-9B2D-28871234F920}.Debug|iPhoneSimulator.Build.0 = Debug|Any CPU
		{13142793-D41A-4AFD-9B2D-28871234F920}.Debug|iPhoneSimulator.Deploy.0 = Debug|Any CPU
		{13142793-D41A-4AFD-9B2D-28871234F920}.Release|Any CPU.ActiveCfg = Release|Any CPU
		{13142793-D41A-4AFD-9B2D-28871234F920}.Release|Any CPU.Build.0 = Release|Any CPU
		{13142793-D41A-4AFD-9B2D-28871234F920}.Release|Any CPU.Deploy.0 = Release|Any CPU
		{13142793-D41A-4AFD-9B2D-28871234F920}.Release|iPhone.ActiveCfg = Release|Any CPU
		{13142793-D41A-4AFD-9B2D-28871234F920}.Release|iPhone.Build.0 = Release|Any CPU
		{13142793-D41A-4AFD-9B2D-28871234F920}.Release|iPhone.Deploy.0 = Release|Any CPU
		{13142793-D41A-4AFD-9B2D-28871234F920}.Release|iPhoneSimulator.ActiveCfg = Release|Any CPU
		{13142793-D41A-4AFD-9B2D-28871234F920}.Release|iPhoneSimulator.Build.0 = Release|Any CPU
		{13142793-D41A-4AFD-9B2D-28871234F920}.Release|iPhoneSimulator.Deploy.0 = Release|Any CPU
		{3FE46BD8-EAF4-4E13-BF4A-D4FB6508FD49}.Ad-Hoc|Any CPU.ActiveCfg = Ad-Hoc|iPhone
		{3FE46BD8-EAF4-4E13-BF4A-D4FB6508FD49}.Ad-Hoc|Any CPU.Build.0 = Ad-Hoc|iPhone
		{3FE46BD8-EAF4-4E13-BF4A-D4FB6508FD49}.Ad-Hoc|Any CPU.Deploy.0 = Ad-Hoc|iPhone
		{3FE46BD8-EAF4-4E13-BF4A-D4FB6508FD49}.Ad-Hoc|iPhone.ActiveCfg = Ad-Hoc|iPhone
		{3FE46BD8-EAF4-4E13-BF4A-D4FB6508FD49}.Ad-Hoc|iPhone.Build.0 = Ad-Hoc|iPhone
		{3FE46BD8-EAF4-4E13-BF4A-D4FB6508FD49}.Ad-Hoc|iPhone.Deploy.0 = Ad-Hoc|iPhone
		{3FE46BD8-EAF4-4E13-BF4A-D4FB6508FD49}.Ad-Hoc|iPhoneSimulator.ActiveCfg = Ad-Hoc|iPhoneSimulator
		{3FE46BD8-EAF4-4E13-BF4A-D4FB6508FD49}.Ad-Hoc|iPhoneSimulator.Build.0 = Ad-Hoc|iPhoneSimulator
		{3FE46BD8-EAF4-4E13-BF4A-D4FB6508FD49}.Ad-Hoc|iPhoneSimulator.Deploy.0 = Ad-Hoc|iPhoneSimulator
		{3FE46BD8-EAF4-4E13-BF4A-D4FB6508FD49}.AppStore|Any CPU.ActiveCfg = AppStore|iPhone
		{3FE46BD8-EAF4-4E13-BF4A-D4FB6508FD49}.AppStore|Any CPU.Build.0 = AppStore|iPhone
		{3FE46BD8-EAF4-4E13-BF4A-D4FB6508FD49}.AppStore|Any CPU.Deploy.0 = AppStore|iPhone
		{3FE46BD8-EAF4-4E13-BF4A-D4FB6508FD49}.AppStore|iPhone.ActiveCfg = AppStore|iPhone
		{3FE46BD8-EAF4-4E13-BF4A-D4FB6508FD49}.AppStore|iPhone.Build.0 = AppStore|iPhone
		{3FE46BD8-EAF4-4E13-BF4A-D4FB6508FD49}.AppStore|iPhone.Deploy.0 = AppStore|iPhone
		{3FE46BD8-EAF4-4E13-BF4A-D4FB6508FD49}.AppStore|iPhoneSimulator.ActiveCfg = AppStore|iPhoneSimulator
		{3FE46BD8-EAF4-4E13-BF4A-D4FB6508FD49}.AppStore|iPhoneSimulator.Build.0 = AppStore|iPhoneSimulator
		{3FE46BD8-EAF4-4E13-BF4A-D4FB6508FD49}.AppStore|iPhoneSimulator.Deploy.0 = AppStore|iPhoneSimulator
		{3FE46BD8-EAF4-4E13-BF4A-D4FB6508FD49}.Debug|Any CPU.ActiveCfg = Debug|iPhoneSimulator
		{3FE46BD8-EAF4-4E13-BF4A-D4FB6508FD49}.Debug|Any CPU.Build.0 = Debug|iPhoneSimulator
		{3FE46BD8-EAF4-4E13-BF4A-D4FB6508FD49}.Debug|Any CPU.Deploy.0 = Debug|iPhoneSimulator
		{3FE46BD8-EAF4-4E13-BF4A-D4FB6508FD49}.Debug|iPhone.ActiveCfg = Debug|iPhone
		{3FE46BD8-EAF4-4E13-BF4A-D4FB6508FD49}.Debug|iPhone.Build.0 = Debug|iPhone
		{3FE46BD8-EAF4-4E13-BF4A-D4FB6508FD49}.Debug|iPhone.Deploy.0 = Debug|iPhone
		{3FE46BD8-EAF4-4E13-BF4A-D4FB6508FD49}.Debug|iPhoneSimulator.ActiveCfg = Debug|iPhoneSimulator
		{3FE46BD8-EAF4-4E13-BF4A-D4FB6508FD49}.Debug|iPhoneSimulator.Build.0 = Debug|iPhoneSimulator
		{3FE46BD8-EAF4-4E13-BF4A-D4FB6508FD49}.Debug|iPhoneSimulator.Deploy.0 = Debug|iPhoneSimulator
		{3FE46BD8-EAF4-4E13-BF4A-D4FB6508FD49}.Release|Any CPU.ActiveCfg = Release|iPhone
		{3FE46BD8-EAF4-4E13-BF4A-D4FB6508FD49}.Release|Any CPU.Build.0 = Release|iPhone
		{3FE46BD8-EAF4-4E13-BF4A-D4FB6508FD49}.Release|Any CPU.Deploy.0 = Release|iPhone
		{3FE46BD8-EAF4-4E13-BF4A-D4FB6508FD49}.Release|iPhone.ActiveCfg = Release|iPhone
		{3FE46BD8-EAF4-4E13-BF4A-D4FB6508FD49}.Release|iPhone.Build.0 = Release|iPhone
		{3FE46BD8-EAF4-4E13-BF4A-D4FB6508FD49}.Release|iPhone.Deploy.0 = Release|iPhone
		{3FE46BD8-EAF4-4E13-BF4A-D4FB6508FD49}.Release|iPhoneSimulator.ActiveCfg = Release|iPhoneSimulator
		{3FE46BD8-EAF4-4E13-BF4A-D4FB6508FD49}.Release|iPhoneSimulator.Build.0 = Release|iPhoneSimulator
		{3FE46BD8-EAF4-4E13-BF4A-D4FB6508FD49}.Release|iPhoneSimulator.Deploy.0 = Release|iPhoneSimulator
		{E48DE341-CCB4-42C2-B440-567D4777445D}.Ad-Hoc|Any CPU.ActiveCfg = Debug|Any CPU
		{E48DE341-CCB4-42C2-B440-567D4777445D}.Ad-Hoc|Any CPU.Build.0 = Debug|Any CPU
		{E48DE341-CCB4-42C2-B440-567D4777445D}.Ad-Hoc|Any CPU.Deploy.0 = Debug|Any CPU
		{E48DE341-CCB4-42C2-B440-567D4777445D}.Ad-Hoc|iPhone.ActiveCfg = Debug|Any CPU
		{E48DE341-CCB4-42C2-B440-567D4777445D}.Ad-Hoc|iPhone.Build.0 = Debug|Any CPU
		{E48DE341-CCB4-42C2-B440-567D4777445D}.Ad-Hoc|iPhone.Deploy.0 = Debug|Any CPU
		{E48DE341-CCB4-42C2-B440-567D4777445D}.Ad-Hoc|iPhoneSimulator.ActiveCfg = Debug|Any CPU
		{E48DE341-CCB4-42C2-B440-567D4777445D}.Ad-Hoc|iPhoneSimulator.Build.0 = Debug|Any CPU
		{E48DE341-CCB4-42C2-B440-567D4777445D}.Ad-Hoc|iPhoneSimulator.Deploy.0 = Debug|Any CPU
		{E48DE341-CCB4-42C2-B440-567D4777445D}.AppStore|Any CPU.ActiveCfg = Debug|Any CPU
		{E48DE341-CCB4-42C2-B440-567D4777445D}.AppStore|Any CPU.Build.0 = Debug|Any CPU
		{E48DE341-CCB4-42C2-B440-567D4777445D}.AppStore|Any CPU.Deploy.0 = Debug|Any CPU
		{E48DE341-CCB4-42C2-B440-567D4777445D}.AppStore|iPhone.ActiveCfg = Debug|Any CPU
		{E48DE341-CCB4-42C2-B440-567D4777445D}.AppStore|iPhone.Build.0 = Debug|Any CPU
		{E48DE341-CCB4-42C2-B440-567D4777445D}.AppStore|iPhone.Deploy.0 = Debug|Any CPU
		{E48DE341-CCB4-42C2-B440-567D4777445D}.AppStore|iPhoneSimulator.ActiveCfg = Debug|Any CPU
		{E48DE341-CCB4-42C2-B440-567D4777445D}.AppStore|iPhoneSimulator.Build.0 = Debug|Any CPU
		{E48DE341-CCB4-42C2-B440-567D4777445D}.AppStore|iPhoneSimulator.Deploy.0 = Debug|Any CPU
		{E48DE341-CCB4-42C2-B440-567D4777445D}.Debug|Any CPU.ActiveCfg = Debug|Any CPU
		{E48DE341-CCB4-42C2-B440-567D4777445D}.Debug|Any CPU.Build.0 = Debug|Any CPU
		{E48DE341-CCB4-42C2-B440-567D4777445D}.Debug|Any CPU.Deploy.0 = Debug|Any CPU
		{E48DE341-CCB4-42C2-B440-567D4777445D}.Debug|iPhone.ActiveCfg = Debug|Any CPU
		{E48DE341-CCB4-42C2-B440-567D4777445D}.Debug|iPhone.Build.0 = Debug|Any CPU
		{E48DE341-CCB4-42C2-B440-567D4777445D}.Debug|iPhone.Deploy.0 = Debug|Any CPU
		{E48DE341-CCB4-42C2-B440-567D4777445D}.Debug|iPhoneSimulator.ActiveCfg = Debug|Any CPU
		{E48DE341-CCB4-42C2-B440-567D4777445D}.Debug|iPhoneSimulator.Build.0 = Debug|Any CPU
		{E48DE341-CCB4-42C2-B440-567D4777445D}.Debug|iPhoneSimulator.Deploy.0 = Debug|Any CPU
		{E48DE341-CCB4-42C2-B440-567D4777445D}.Release|Any CPU.ActiveCfg = Release|Any CPU
		{E48DE341-CCB4-42C2-B440-567D4777445D}.Release|Any CPU.Build.0 = Release|Any CPU
		{E48DE341-CCB4-42C2-B440-567D4777445D}.Release|Any CPU.Deploy.0 = Release|Any CPU
		{E48DE341-CCB4-42C2-B440-567D4777445D}.Release|iPhone.ActiveCfg = Release|Any CPU
		{E48DE341-CCB4-42C2-B440-567D4777445D}.Release|iPhone.Build.0 = Release|Any CPU
		{E48DE341-CCB4-42C2-B440-567D4777445D}.Release|iPhone.Deploy.0 = Release|Any CPU
		{E48DE341-CCB4-42C2-B440-567D4777445D}.Release|iPhoneSimulator.ActiveCfg = Release|Any CPU
		{E48DE341-CCB4-42C2-B440-567D4777445D}.Release|iPhoneSimulator.Build.0 = Release|Any CPU
		{E48DE341-CCB4-42C2-B440-567D4777445D}.Release|iPhoneSimulator.Deploy.0 = Release|Any CPU
	EndGlobalSection
	GlobalSection(SolutionProperties) = preSolution
		HideSolutionNode = FALSE
	EndGlobalSection
	GlobalSection(ExtensibilityGlobals) = postSolution
		SolutionGuid = {0079B3AB-AAD6-4D03-A552-03E721EF01FA}
	EndGlobalSection
EndGlobal
